
Microsoft Visual Studio Solution File, Format Version 12.00
# Visual Studio Version 17
VisualStudioVersion = 17.5.33424.131
MinimumVisualStudioVersion = 10.0.40219.1
Project("{9A19103F-16F7-4668-BE54-9A1E7A4F7556}") = "Assignment 03 OOP", "Assignment 03 OOP\Assignment 03 OOP.csproj", "{B117DF13-A8F8-4F24-BE76-1B275C79E814}"
EndProject
Project("{9A19103F-16F7-4668-BE54-9A1E7A4F7556}") = "First Project", "First Project\First Project.csproj", "{EC596C58-3A84-47D8-A136-2D3395879AE3}"
EndProject
Project("{FAE04EC0-301F-11D3-BF4B-00C04F79EFBC}") = "Second Project", "Second Project\Second Project.csproj", "{06A13F51-7E6A-4270-BC01-A2E741AD3904}"
EndProject
Global
	GlobalSection(SolutionConfigurationPlatforms) = preSolution
		Debug|Any CPU = Debug|Any CPU
		Release|Any CPU = Release|Any CPU
	EndGlobalSection
	GlobalSection(ProjectConfigurationPlatforms) = postSolution
		{B117DF13-A8F8-4F24-BE76-1B275C79E814}.Debug|Any CPU.ActiveCfg = Debug|Any CPU
		{B117DF13-A8F8-4F24-BE76-1B275C79E814}.Debug|Any CPU.Build.0 = Debug|Any CPU
		{B117DF13-A8F8-4F24-BE76-1B275C79E814}.Release|Any CPU.ActiveCfg = Release|Any CPU
		{B117DF13-A8F8-4F24-BE76-1B275C79E814}.Release|Any CPU.Build.0 = Release|Any CPU
		{EC596C58-3A84-47D8-A136-2D3395879AE3}.Debug|Any CPU.ActiveCfg = Debug|Any CPU
		{EC596C58-3A84-47D8-A136-2D3395879AE3}.Debug|Any CPU.Build.0 = Debug|Any CPU
		{EC596C58-3A84-47D8-A136-2D3395879AE3}.Release|Any CPU.ActiveCfg = Release|Any CPU
		{EC596C58-3A84-47D8-A136-2D3395879AE3}.Release|Any CPU.Build.0 = Release|Any CPU
		{06A13F51-7E6A-4270-BC01-A2E741AD3904}.Debug|Any CPU.ActiveCfg = Debug|Any CPU
		{06A13F51-7E6A-4270-BC01-A2E741AD3904}.Debug|Any CPU.Build.0 = Debug|Any CPU
		{06A13F51-7E6A-4270-BC01-A2E741AD3904}.Release|Any CPU.ActiveCfg = Release|Any CPU
		{06A13F51-7E6A-4270-BC01-A2E741AD3904}.Release|Any CPU.Build.0 = Release|Any CPU
	EndGlobalSection
	GlobalSection(SolutionProperties) = preSolution
		HideSolutionNode = FALSE
	EndGlobalSection
	GlobalSection(ExtensibilityGlobals) = postSolution
		SolutionGuid = {31732976-3C2D-48C2-8FFE-F44BD38A4445}
	EndGlobalSection
EndGlobal
