
Microsoft Visual Studio Solution File, Format Version 12.00
# Visual Studio Version 17
VisualStudioVersion = 17.5.33414.496
MinimumVisualStudioVersion = 10.0.40219.1
Project("{FAE04EC0-301F-11D3-BF4B-00C04F79EFBC}") = "Assignment 01 OOP", "Assignment 01 OOP\Assignment 01 OOP.csproj", "{CDF206D4-1E3F-43F5-B4C9-80FE824DF0D6}"
EndProject
Project("{FAE04EC0-301F-11D3-BF4B-00C04F79EFBC}") = "Company_Class", "Company_Class\Company_Class.csproj", "{5BEC0215-DE9B-4FB5-B09F-AC8771D4E303}"
EndProject
Global
	GlobalSection(SolutionConfigurationPlatforms) = preSolution
		Debug|Any CPU = Debug|Any CPU
		Release|Any CPU = Release|Any CPU
	EndGlobalSection
	GlobalSection(ProjectConfigurationPlatforms) = postSolution
		{CDF206D4-1E3F-43F5-B4C9-80FE824DF0D6}.Debug|Any CPU.ActiveCfg = Debug|Any CPU
		{CDF206D4-1E3F-43F5-B4C9-80FE824DF0D6}.Debug|Any CPU.Build.0 = Debug|Any CPU
		{CDF206D4-1E3F-43F5-B4C9-80FE824DF0D6}.Release|Any CPU.ActiveCfg = Release|Any CPU
		{CDF206D4-1E3F-43F5-B4C9-80FE824DF0D6}.Release|Any CPU.Build.0 = Release|Any CPU
		{5BEC0215-DE9B-4FB5-B09F-AC8771D4E303}.Debug|Any CPU.ActiveCfg = Debug|Any CPU
		{5BEC0215-DE9B-4FB5-B09F-AC8771D4E303}.Debug|Any CPU.Build.0 = Debug|Any CPU
		{5BEC0215-DE9B-4FB5-B09F-AC8771D4E303}.Release|Any CPU.ActiveCfg = Release|Any CPU
		{5BEC0215-DE9B-4FB5-B09F-AC8771D4E303}.Release|Any CPU.Build.0 = Release|Any CPU
	EndGlobalSection
	GlobalSection(SolutionProperties) = preSolution
		HideSolutionNode = FALSE
	EndGlobalSection
	GlobalSection(ExtensibilityGlobals) = postSolution
		SolutionGuid = {70DF6F02-31F9-4617-8660-8F00ABAC255F}
	EndGlobalSection
EndGlobal
